// !$*UTF8*$!
{
	archiveVersion = 1;
	classes = {
	};
	objectVersion = 50;
	objects = {

/* Begin PBXBuildFile section */
		E939839325CDA46A008002FA /* AppDelegate.swift in Sources */ = {isa = PBXBuildFile; fileRef = E939839225CDA46A008002FA /* AppDelegate.swift */; };
		E939839525CDA46A008002FA /* SceneDelegate.swift in Sources */ = {isa = PBXBuildFile; fileRef = E939839425CDA46A008002FA /* SceneDelegate.swift */; };
		E939839725CDA46A008002FA /* ViewController.swift in Sources */ = {isa = PBXBuildFile; fileRef = E939839625CDA46A008002FA /* ViewController.swift */; };
		E939839A25CDA46A008002FA /* Main.storyboard in Resources */ = {isa = PBXBuildFile; fileRef = E939839825CDA46A008002FA /* Main.storyboard */; };
		E939839C25CDA46A008002FA /* Assets.xcassets in Resources */ = {isa = PBXBuildFile; fileRef = E939839B25CDA46A008002FA /* Assets.xcassets */; };
		E939839F25CDA46A008002FA /* LaunchScreen.storyboard in Resources */ = {isa = PBXBuildFile; fileRef = E939839D25CDA46A008002FA /* LaunchScreen.storyboard */; };
		E93983AA25CDA46B008002FA /* RxSwiftTutorialTests.swift in Sources */ = {isa = PBXBuildFile; fileRef = E93983A925CDA46B008002FA /* RxSwiftTutorialTests.swift */; };
		E93983B525CDA46B008002FA /* RxSwiftTutorialUITests.swift in Sources */ = {isa = PBXBuildFile; fileRef = E93983B425CDA46B008002FA /* RxSwiftTutorialUITests.swift */; };
/* End PBXBuildFile section */

/* Begin PBXContainerItemProxy section */
		E93983A625CDA46B008002FA /* PBXContainerItemProxy */ = {
			isa = PBXContainerItemProxy;
			containerPortal = E939838725CDA46A008002FA /* Project object */;
			proxyType = 1;
			remoteGlobalIDString = E939838E25CDA46A008002FA;
			remoteInfo = RxSwiftTutorial;
		};
		E93983B125CDA46B008002FA /* PBXContainerItemProxy */ = {
			isa = PBXContainerItemProxy;
			containerPortal = E939838725CDA46A008002FA /* Project object */;
			proxyType = 1;
			remoteGlobalIDString = E939838E25CDA46A008002FA;
			remoteInfo = RxSwiftTutorial;
		};
/* End PBXContainerItemProxy section */

/* Begin PBXFileReference section */
		E939838F25CDA46A008002FA /* RxSwiftTutorial.app */ = {isa = PBXFileReference; explicitFileType = wrapper.application; includeInIndex = 0; path = RxSwiftTutorial.app; sourceTree = BUILT_PRODUCTS_DIR; };
		E939839225CDA46A008002FA /* AppDelegate.swift */ = {isa = PBXFileReference; lastKnownFileType = sourcecode.swift; path = AppDelegate.swift; sourceTree = "<group>"; };
		E939839425CDA46A008002FA /* SceneDelegate.swift */ = {isa = PBXFileReference; lastKnownFileType = sourcecode.swift; path = SceneDelegate.swift; sourceTree = "<group>"; };
		E939839625CDA46A008002FA /* ViewController.swift */ = {isa = PBXFileReference; lastKnownFileType = sourcecode.swift; path = ViewController.swift; sourceTree = "<group>"; };
		E939839925CDA46A008002FA /* Base */ = {isa = PBXFileReference; lastKnownFileType = file.storyboard; name = Base; path = Base.lproj/Main.storyboard; sourceTree = "<group>"; };
		E939839B25CDA46A008002FA /* Assets.xcassets */ = {isa = PBXFileReference; lastKnownFileType = folder.assetcatalog; path = Assets.xcassets; sourceTree = "<group>"; };
		E939839E25CDA46A008002FA /* Base */ = {isa = PBXFileReference; lastKnownFileType = file.storyboard; name = Base; path = Base.lproj/LaunchScreen.storyboard; sourceTree = "<group>"; };
		E93983A025CDA46A008002FA /* Info.plist */ = {isa = PBXFileReference; lastKnownFileType = text.plist.xml; path = Info.plist; sourceTree = "<group>"; };
		E93983A525CDA46B008002FA /* RxSwiftTutorialTests.xctest */ = {isa = PBXFileReference; explicitFileType = wrapper.cfbundle; includeInIndex = 0; path = RxSwiftTutorialTests.xctest; sourceTree = BUILT_PRODUCTS_DIR; };
		E93983A925CDA46B008002FA /* RxSwiftTutorialTests.swift */ = {isa = PBXFileReference; lastKnownFileType = sourcecode.swift; path = RxSwiftTutorialTests.swift; sourceTree = "<group>"; };
		E93983AB25CDA46B008002FA /* Info.plist */ = {isa = PBXFileReference; lastKnownFileType = text.plist.xml; path = Info.plist; sourceTree = "<group>"; };
		E93983B025CDA46B008002FA /* RxSwiftTutorialUITests.xctest */ = {isa = PBXFileReference; explicitFileType = wrapper.cfbundle; includeInIndex = 0; path = RxSwiftTutorialUITests.xctest; sourceTree = BUILT_PRODUCTS_DIR; };
		E93983B425CDA46B008002FA /* RxSwiftTutorialUITests.swift */ = {isa = PBXFileReference; lastKnownFileType = sourcecode.swift; path = RxSwiftTutorialUITests.swift; sourceTree = "<group>"; };
		E93983B625CDA46B008002FA /* Info.plist */ = {isa = PBXFileReference; lastKnownFileType = text.plist.xml; path = Info.plist; sourceTree = "<group>"; };
/* End PBXFileReference section */

/* Begin PBXFrameworksBuildPhase section */
		E939838C25CDA46A008002FA /* Frameworks */ = {
			isa = PBXFrameworksBuildPhase;
			buildActionMask = 2147483647;
			files = (
			);
			runOnlyForDeploymentPostprocessing = 0;
		};
		E93983A225CDA46B008002FA /* Frameworks */ = {
			isa = PBXFrameworksBuildPhase;
			buildActionMask = 2147483647;
			files = (
			);
			runOnlyForDeploymentPostprocessing = 0;
		};
		E93983AD25CDA46B008002FA /* Frameworks */ = {
			isa = PBXFrameworksBuildPhase;
			buildActionMask = 2147483647;
			files = (
			);
			runOnlyForDeploymentPostprocessing = 0;
		};
/* End PBXFrameworksBuildPhase section */

/* Begin PBXGroup section */
		E939838625CDA46A008002FA = {
			isa = PBXGroup;
			children = (
				E939839125CDA46A008002FA /* RxSwiftTutorial */,
				E93983A825CDA46B008002FA /* RxSwiftTutorialTests */,
				E93983B325CDA46B008002FA /* RxSwiftTutorialUITests */,
				E939839025CDA46A008002FA /* Products */,
			);
			sourceTree = "<group>";
		};
		E939839025CDA46A008002FA /* Products */ = {
			isa = PBXGroup;
			children = (
				E939838F25CDA46A008002FA /* RxSwiftTutorial.app */,
				E93983A525CDA46B008002FA /* RxSwiftTutorialTests.xctest */,
				E93983B025CDA46B008002FA /* RxSwiftTutorialUITests.xctest */,
			);
			name = Products;
			sourceTree = "<group>";
		};
		E939839125CDA46A008002FA /* RxSwiftTutorial */ = {
			isa = PBXGroup;
			children = (
				E939839225CDA46A008002FA /* AppDelegate.swift */,
				E939839425CDA46A008002FA /* SceneDelegate.swift */,
				E939839625CDA46A008002FA /* ViewController.swift */,
				E939839825CDA46A008002FA /* Main.storyboard */,
				E939839B25CDA46A008002FA /* Assets.xcassets */,
				E939839D25CDA46A008002FA /* LaunchScreen.storyboard */,
				E93983A025CDA46A008002FA /* Info.plist */,
			);
			path = RxSwiftTutorial;
			sourceTree = "<group>";
		};
		E93983A825CDA46B008002FA /* RxSwiftTutorialTests */ = {
			isa = PBXGroup;
			children = (
				E93983A925CDA46B008002FA /* RxSwiftTutorialTests.swift */,
				E93983AB25CDA46B008002FA /* Info.plist */,
			);
			path = RxSwiftTutorialTests;
			sourceTree = "<group>";
		};
		E93983B325CDA46B008002FA /* RxSwiftTutorialUITests */ = {
			isa = PBXGroup;
			children = (
				E93983B425CDA46B008002FA /* RxSwiftTutorialUITests.swift */,
				E93983B625CDA46B008002FA /* Info.plist */,
			);
			path = RxSwiftTutorialUITests;
			sourceTree = "<group>";
		};
/* End PBXGroup section */

/* Begin PBXNativeTarget section */
		E939838E25CDA46A008002FA /* RxSwiftTutorial */ = {
			isa = PBXNativeTarget;
			buildConfigurationList = E93983B925CDA46B008002FA /* Build configuration list for PBXNativeTarget "RxSwiftTutorial" */;
			buildPhases = (
				E939838B25CDA46A008002FA /* Sources */,
				E939838C25CDA46A008002FA /* Frameworks */,
				E939838D25CDA46A008002FA /* Resources */,
			);
			buildRules = (
			);
			dependencies = (
			);
			name = RxSwiftTutorial;
			productName = RxSwiftTutorial;
			productReference = E939838F25CDA46A008002FA /* RxSwiftTutorial.app */;
			productType = "com.apple.product-type.application";
		};
		E93983A425CDA46B008002FA /* RxSwiftTutorialTests */ = {
			isa = PBXNativeTarget;
			buildConfigurationList = E93983BC25CDA46B008002FA /* Build configuration list for PBXNativeTarget "RxSwiftTutorialTests" */;
			buildPhases = (
				E93983A125CDA46B008002FA /* Sources */,
				E93983A225CDA46B008002FA /* Frameworks */,
				E93983A325CDA46B008002FA /* Resources */,
			);
			buildRules = (
			);
			dependencies = (
				E93983A725CDA46B008002FA /* PBXTargetDependency */,
			);
			name = RxSwiftTutorialTests;
			productName = RxSwiftTutorialTests;
			productReference = E93983A525CDA46B008002FA /* RxSwiftTutorialTests.xctest */;
			productType = "com.apple.product-type.bundle.unit-test";
		};
		E93983AF25CDA46B008002FA /* RxSwiftTutorialUITests */ = {
			isa = PBXNativeTarget;
			buildConfigurationList = E93983BF25CDA46B008002FA /* Build configuration list for PBXNativeTarget "RxSwiftTutorialUITests" */;
			buildPhases = (
				E93983AC25CDA46B008002FA /* Sources */,
				E93983AD25CDA46B008002FA /* Frameworks */,
				E93983AE25CDA46B008002FA /* Resources */,
			);
			buildRules = (
			);
			dependencies = (
				E93983B225CDA46B008002FA /* PBXTargetDependency */,
			);
			name = RxSwiftTutorialUITests;
			productName = RxSwiftTutorialUITests;
			productReference = E93983B025CDA46B008002FA /* RxSwiftTutorialUITests.xctest */;
			productType = "com.apple.product-type.bundle.ui-testing";
		};
/* End PBXNativeTarget section */

/* Begin PBXProject section */
		E939838725CDA46A008002FA /* Project object */ = {
			isa = PBXProject;
			attributes = {
				LastSwiftUpdateCheck = 1240;
				LastUpgradeCheck = 1240;
				TargetAttributes = {
					E939838E25CDA46A008002FA = {
						CreatedOnToolsVersion = 12.4;
					};
					E93983A425CDA46B008002FA = {
						CreatedOnToolsVersion = 12.4;
						TestTargetID = E939838E25CDA46A008002FA;
					};
					E93983AF25CDA46B008002FA = {
						CreatedOnToolsVersion = 12.4;
						TestTargetID = E939838E25CDA46A008002FA;
					};
				};
			};
			buildConfigurationList = E939838A25CDA46A008002FA /* Build configuration list for PBXProject "RxSwiftTutorial" */;
			compatibilityVersion = "Xcode 9.3";
			developmentRegion = en;
			hasScannedForEncodings = 0;
			knownRegions = (
				en,
				Base,
			);
			mainGroup = E939838625CDA46A008002FA;
			productRefGroup = E939839025CDA46A008002FA /* Products */;
			projectDirPath = "";
			projectRoot = "";
			targets = (
				E939838E25CDA46A008002FA /* RxSwiftTutorial */,
				E93983A425CDA46B008002FA /* RxSwiftTutorialTests */,
				E93983AF25CDA46B008002FA /* RxSwiftTutorialUITests */,
			);
		};
/* End PBXProject section */

/* Begin PBXResourcesBuildPhase section */
		E939838D25CDA46A008002FA /* Resources */ = {
			isa = PBXResourcesBuildPhase;
			buildActionMask = 2147483647;
			files = (
				E939839F25CDA46A008002FA /* LaunchScreen.storyboard in Resources */,
				E939839C25CDA46A008002FA /* Assets.xcassets in Resources */,
				E939839A25CDA46A008002FA /* Main.storyboard in Resources */,
			);
			runOnlyForDeploymentPostprocessing = 0;
		};
		E93983A325CDA46B008002FA /* Resources */ = {
			isa = PBXResourcesBuildPhase;
			buildActionMask = 2147483647;
			files = (
			);
			runOnlyForDeploymentPostprocessing = 0;
		};
		E93983AE25CDA46B008002FA /* Resources */ = {
			isa = PBXResourcesBuildPhase;
			buildActionMask = 2147483647;
			files = (
			);
			runOnlyForDeploymentPostprocessing = 0;
		};
/* End PBXResourcesBuildPhase section */

/* Begin PBXSourcesBuildPhase section */
		E939838B25CDA46A008002FA /* Sources */ = {
			isa = PBXSourcesBuildPhase;
			buildActionMask = 2147483647;
			files = (
				E939839725CDA46A008002FA /* ViewController.swift in Sources */,
				E939839325CDA46A008002FA /* AppDelegate.swift in Sources */,
				E939839525CDA46A008002FA /* SceneDelegate.swift in Sources */,
			);
			runOnlyForDeploymentPostprocessing = 0;
		};
		E93983A125CDA46B008002FA /* Sources */ = {
			isa = PBXSourcesBuildPhase;
			buildActionMask = 2147483647;
			files = (
				E93983AA25CDA46B008002FA /* RxSwiftTutorialTests.swift in Sources */,
			);
			runOnlyForDeploymentPostprocessing = 0;
		};
		E93983AC25CDA46B008002FA /* Sources */ = {
			isa = PBXSourcesBuildPhase;
			buildActionMask = 2147483647;
			files = (
				E93983B525CDA46B008002FA /* RxSwiftTutorialUITests.swift in Sources */,
			);
			runOnlyForDeploymentPostprocessing = 0;
		};
/* End PBXSourcesBuildPhase section */

/* Begin PBXTargetDependency section */
		E93983A725CDA46B008002FA /* PBXTargetDependency */ = {
			isa = PBXTargetDependency;
			target = E939838E25CDA46A008002FA /* RxSwiftTutorial */;
			targetProxy = E93983A625CDA46B008002FA /* PBXContainerItemProxy */;
		};
		E93983B225CDA46B008002FA /* PBXTargetDependency */ = {
			isa = PBXTargetDependency;
			target = E939838E25CDA46A008002FA /* RxSwiftTutorial */;
			targetProxy = E93983B125CDA46B008002FA /* PBXContainerItemProxy */;
		};
/* End PBXTargetDependency section */

/* Begin PBXVariantGroup section */
		E939839825CDA46A008002FA /* Main.storyboard */ = {
			isa = PBXVariantGroup;
			children = (
				E939839925CDA46A008002FA /* Base */,
			);
			name = Main.storyboard;
			sourceTree = "<group>";
		};
		E939839D25CDA46A008002FA /* LaunchScreen.storyboard */ = {
			isa = PBXVariantGroup;
			children = (
				E939839E25CDA46A008002FA /* Base */,
			);
			name = LaunchScreen.storyboard;
			sourceTree = "<group>";
		};
/* End PBXVariantGroup section */

/* Begin XCBuildConfiguration section */
		E93983B725CDA46B008002FA /* Debug */ = {
			isa = XCBuildConfiguration;
			buildSettings = {
				ALWAYS_SEARCH_USER_PATHS = NO;
				CLANG_ANALYZER_NONNULL = YES;
				CLANG_ANALYZER_NUMBER_OBJECT_CONVERSION = YES_AGGRESSIVE;
				CLANG_CXX_LANGUAGE_STANDARD = "gnu++14";
				CLANG_CXX_LIBRARY = "libc++";
				CLANG_ENABLE_MODULES = YES;
				CLANG_ENABLE_OBJC_ARC = YES;
				CLANG_ENABLE_OBJC_WEAK = YES;
				CLANG_WARN_BLOCK_CAPTURE_AUTORELEASING = YES;
				CLANG_WARN_BOOL_CONVERSION = YES;
				CLANG_WARN_COMMA = YES;
				CLANG_WARN_CONSTANT_CONVERSION = YES;
				CLANG_WARN_DEPRECATED_OBJC_IMPLEMENTATIONS = YES;
				CLANG_WARN_DIRECT_OBJC_ISA_USAGE = YES_ERROR;
				CLANG_WARN_DOCUMENTATION_COMMENTS = YES;
				CLANG_WARN_EMPTY_BODY = YES;
				CLANG_WARN_ENUM_CONVERSION = YES;
				CLANG_WARN_INFINITE_RECURSION = YES;
				CLANG_WARN_INT_CONVERSION = YES;
				CLANG_WARN_NON_LITERAL_NULL_CONVERSION = YES;
				CLANG_WARN_OBJC_IMPLICIT_RETAIN_SELF = YES;
				CLANG_WARN_OBJC_LITERAL_CONVERSION = YES;
				CLANG_WARN_OBJC_ROOT_CLASS = YES_ERROR;
				CLANG_WARN_QUOTED_INCLUDE_IN_FRAMEWORK_HEADER = YES;
				CLANG_WARN_RANGE_LOOP_ANALYSIS = YES;
				CLANG_WARN_STRICT_PROTOTYPES = YES;
				CLANG_WARN_SUSPICIOUS_MOVE = YES;
				CLANG_WARN_UNGUARDED_AVAILABILITY = YES_AGGRESSIVE;
				CLANG_WARN_UNREACHABLE_CODE = YES;
				CLANG_WARN__DUPLICATE_METHOD_MATCH = YES;
				COPY_PHASE_STRIP = NO;
				DEBUG_INFORMATION_FORMAT = dwarf;
				ENABLE_STRICT_OBJC_MSGSEND = YES;
				ENABLE_TESTABILITY = YES;
				GCC_C_LANGUAGE_STANDARD = gnu11;
				GCC_DYNAMIC_NO_PIC = NO;
				GCC_NO_COMMON_BLOCKS = YES;
				GCC_OPTIMIZATION_LEVEL = 0;
				GCC_PREPROCESSOR_DEFINITIONS = (
					"DEBUG=1",
					"$(inherited)",
				);
				GCC_WARN_64_TO_32_BIT_CONVERSION = YES;
				GCC_WARN_ABOUT_RETURN_TYPE = YES_ERROR;
				GCC_WARN_UNDECLARED_SELECTOR = YES;
				GCC_WARN_UNINITIALIZED_AUTOS = YES_AGGRESSIVE;
				GCC_WARN_UNUSED_FUNCTION = YES;
				GCC_WARN_UNUSED_VARIABLE = YES;
				IPHONEOS_DEPLOYMENT_TARGET = 14.4;
				MTL_ENABLE_DEBUG_INFO = INCLUDE_SOURCE;
				MTL_FAST_MATH = YES;
				ONLY_ACTIVE_ARCH = YES;
				SDKROOT = iphoneos;
				SWIFT_ACTIVE_COMPILATION_CONDITIONS = DEBUG;
				SWIFT_OPTIMIZATION_LEVEL = "-Onone";
			};
			name = Debug;
		};
		E93983B825CDA46B008002FA /* Release */ = {
			isa = XCBuildConfiguration;
			buildSettings = {
				ALWAYS_SEARCH_USER_PATHS = NO;
				CLANG_ANALYZER_NONNULL = YES;
				CLANG_ANALYZER_NUMBER_OBJECT_CONVERSION = YES_AGGRESSIVE;
				CLANG_CXX_LANGUAGE_STANDARD = "gnu++14";
				CLANG_CXX_LIBRARY = "libc++";
				CLANG_ENABLE_MODULES = YES;
				CLANG_ENABLE_OBJC_ARC = YES;
				CLANG_ENABLE_OBJC_WEAK = YES;
				CLANG_WARN_BLOCK_CAPTURE_AUTORELEASING = YES;
				CLANG_WARN_BOOL_CONVERSION = YES;
				CLANG_WARN_COMMA = YES;
				CLANG_WARN_CONSTANT_CONVERSION = YES;
				CLANG_WARN_DEPRECATED_OBJC_IMPLEMENTATIONS = YES;
				CLANG_WARN_DIRECT_OBJC_ISA_USAGE = YES_ERROR;
				CLANG_WARN_DOCUMENTATION_COMMENTS = YES;
				CLANG_WARN_EMPTY_BODY = YES;
				CLANG_WARN_ENUM_CONVERSION = YES;
				CLANG_WARN_INFINITE_RECURSION = YES;
				CLANG_WARN_INT_CONVERSION = YES;
				CLANG_WARN_NON_LITERAL_NULL_CONVERSION = YES;
				CLANG_WARN_OBJC_IMPLICIT_RETAIN_SELF = YES;
				CLANG_WARN_OBJC_LITERAL_CONVERSION = YES;
				CLANG_WARN_OBJC_ROOT_CLASS = YES_ERROR;
				CLANG_WARN_QUOTED_INCLUDE_IN_FRAMEWORK_HEADER = YES;
				CLANG_WARN_RANGE_LOOP_ANALYSIS = YES;
				CLANG_WARN_STRICT_PROTOTYPES = YES;
				CLANG_WARN_SUSPICIOUS_MOVE = YES;
				CLANG_WARN_UNGUARDED_AVAILABILITY = YES_AGGRESSIVE;
				CLANG_WARN_UNREACHABLE_CODE = YES;
				CLANG_WARN__DUPLICATE_METHOD_MATCH = YES;
				COPY_PHASE_STRIP = NO;
				DEBUG_INFORMATION_FORMAT = "dwarf-with-dsym";
				ENABLE_NS_ASSERTIONS = NO;
				ENABLE_STRICT_OBJC_MSGSEND = YES;
				GCC_C_LANGUAGE_STANDARD = gnu11;
				GCC_NO_COMMON_BLOCKS = YES;
				GCC_WARN_64_TO_32_BIT_CONVERSION = YES;
				GCC_WARN_ABOUT_RETURN_TYPE = YES_ERROR;
				GCC_WARN_UNDECLARED_SELECTOR = YES;
				GCC_WARN_UNINITIALIZED_AUTOS = YES_AGGRESSIVE;
				GCC_WARN_UNUSED_FUNCTION = YES;
				GCC_WARN_UNUSED_VARIABLE = YES;
				IPHONEOS_DEPLOYMENT_TARGET = 14.4;
				MTL_ENABLE_DEBUG_INFO = NO;
				MTL_FAST_MATH = YES;
				SDKROOT = iphoneos;
				SWIFT_COMPILATION_MODE = wholemodule;
				SWIFT_OPTIMIZATION_LEVEL = "-O";
				VALIDATE_PRODUCT = YES;
			};
			name = Release;
		};
		E93983BA25CDA46B008002FA /* Debug */ = {
			isa = XCBuildConfiguration;
			buildSettings = {
				ASSETCATALOG_COMPILER_APPICON_NAME = AppIcon;
				ASSETCATALOG_COMPILER_GLOBAL_ACCENT_COLOR_NAME = AccentColor;
				CODE_SIGN_STYLE = Automatic;
				DEVELOPMENT_TEAM = KRPQ8E7V25;
				INFOPLIST_FILE = RxSwiftTutorial/Info.plist;
				LD_RUNPATH_SEARCH_PATHS = (
					"$(inherited)",
					"@executable_path/Frameworks",
				);
				PRODUCT_BUNDLE_IDENTIFIER = com.min..RxSwiftTutorial;
				PRODUCT_NAME = "$(TARGET_NAME)";
				SWIFT_VERSION = 5.0;
				TARGETED_DEVICE_FAMILY = "1,2";
			};
			name = Debug;
		};
		E93983BB25CDA46B008002FA /* Release */ = {
			isa = XCBuildConfiguration;
			buildSettings = {
				ASSETCATALOG_COMPILER_APPICON_NAME = AppIcon;
				ASSETCATALOG_COMPILER_GLOBAL_ACCENT_COLOR_NAME = AccentColor;
				CODE_SIGN_STYLE = Automatic;
				DEVELOPMENT_TEAM = KRPQ8E7V25;
				INFOPLIST_FILE = RxSwiftTutorial/Info.plist;
				LD_RUNPATH_SEARCH_PATHS = (
					"$(inherited)",
					"@executable_path/Frameworks",
				);
				PRODUCT_BUNDLE_IDENTIFIER = com.min..RxSwiftTutorial;
				PRODUCT_NAME = "$(TARGET_NAME)";
				SWIFT_VERSION = 5.0;
				TARGETED_DEVICE_FAMILY = "1,2";
			};
			name = Release;
		};
		E93983BD25CDA46B008002FA /* Debug */ = {
			isa = XCBuildConfiguration;
			buildSettings = {
				ALWAYS_EMBED_SWIFT_STANDARD_LIBRARIES = YES;
				BUNDLE_LOADER = "$(TEST_HOST)";
				CODE_SIGN_STYLE = Automatic;
				DEVELOPMENT_TEAM = KRPQ8E7V25;
				INFOPLIST_FILE = RxSwiftTutorialTests/Info.plist;
				IPHONEOS_DEPLOYMENT_TARGET = 14.4;
				LD_RUNPATH_SEARCH_PATHS = (
					"$(inherited)",
					"@executable_path/Frameworks",
					"@loader_path/Frameworks",
				);
				PRODUCT_BUNDLE_IDENTIFIER = com.min..RxSwiftTutorialTests;
				PRODUCT_NAME = "$(TARGET_NAME)";
				SWIFT_VERSION = 5.0;
				TARGETED_DEVICE_FAMILY = "1,2";
				TEST_HOST = "$(BUILT_PRODUCTS_DIR)/RxSwiftTutorial.app/RxSwiftTutorial";
			};
			name = Debug;
		};
		E93983BE25CDA46B008002FA /* Release */ = {
			isa = XCBuildConfiguration;
			buildSettings = {
				ALWAYS_EMBED_SWIFT_STANDARD_LIBRARIES = YES;
				BUNDLE_LOADER = "$(TEST_HOST)";
				CODE_SIGN_STYLE = Automatic;
				DEVELOPMENT_TEAM = KRPQ8E7V25;
				INFOPLIST_FILE = RxSwiftTutorialTests/Info.plist;
				IPHONEOS_DEPLOYMENT_TARGET = 14.4;
				LD_RUNPATH_SEARCH_PATHS = (
					"$(inherited)",
					"@executable_path/Frameworks",
					"@loader_path/Frameworks",
				);
				PRODUCT_BUNDLE_IDENTIFIER = com.min..RxSwiftTutorialTests;
				PRODUCT_NAME = "$(TARGET_NAME)";
				SWIFT_VERSION = 5.0;
				TARGETED_DEVICE_FAMILY = "1,2";
				TEST_HOST = "$(BUILT_PRODUCTS_DIR)/RxSwiftTutorial.app/RxSwiftTutorial";
			};
			name = Release;
		};
		E93983C025CDA46B008002FA /* Debug */ = {
			isa = XCBuildConfiguration;
			buildSettings = {
				ALWAYS_EMBED_SWIFT_STANDARD_LIBRARIES = YES;
				CODE_SIGN_STYLE = Automatic;
				DEVELOPMENT_TEAM = KRPQ8E7V25;
				INFOPLIST_FILE = RxSwiftTutorialUITests/Info.plist;
				LD_RUNPATH_SEARCH_PATHS = (
					"$(inherited)",
					"@executable_path/Frameworks",
					"@loader_path/Frameworks",
				);
				PRODUCT_BUNDLE_IDENTIFIER = com.min..RxSwiftTutorialUITests;
				PRODUCT_NAME = "$(TARGET_NAME)";
				SWIFT_VERSION = 5.0;
				TARGETED_DEVICE_FAMILY = "1,2";
				TEST_TARGET_NAME = RxSwiftTutorial;
			};
			name = Debug;
		};
		E93983C125CDA46B008002FA /* Release */ = {
			isa = XCBuildConfiguration;
			buildSettings = {
				ALWAYS_EMBED_SWIFT_STANDARD_LIBRARIES = YES;
				CODE_SIGN_STYLE = Automatic;
				DEVELOPMENT_TEAM = KRPQ8E7V25;
				INFOPLIST_FILE = RxSwiftTutorialUITests/Info.plist;
				LD_RUNPATH_SEARCH_PATHS = (
					"$(inherited)",
					"@executable_path/Frameworks",
					"@loader_path/Frameworks",
				);
				PRODUCT_BUNDLE_IDENTIFIER = com.min..RxSwiftTutorialUITests;
				PRODUCT_NAME = "$(TARGET_NAME)";
				SWIFT_VERSION = 5.0;
				TARGETED_DEVICE_FAMILY = "1,2";
				TEST_TARGET_NAME = RxSwiftTutorial;
			};
			name = Release;
		};
/* End XCBuildConfiguration section */

/* Begin XCConfigurationList section */
		E939838A25CDA46A008002FA /* Build configuration list for PBXProject "RxSwiftTutorial" */ = {
			isa = XCConfigurationList;
			buildConfigurations = (
				E93983B725CDA46B008002FA /* Debug */,
				E93983B825CDA46B008002FA /* Release */,
			);
			defaultConfigurationIsVisible = 0;
			defaultConfigurationName = Release;
		};
		E93983B925CDA46B008002FA /* Build configuration list for PBXNativeTarget "RxSwiftTutorial" */ = {
			isa = XCConfigurationList;
			buildConfigurations = (
				E93983BA25CDA46B008002FA /* Debug */,
				E93983BB25CDA46B008002FA /* Release */,
			);
			defaultConfigurationIsVisible = 0;
			defaultConfigurationName = Release;
		};
		E93983BC25CDA46B008002FA /* Build configuration list for PBXNativeTarget "RxSwiftTutorialTests" */ = {
			isa = XCConfigurationList;
			buildConfigurations = (
				E93983BD25CDA46B008002FA /* Debug */,
				E93983BE25CDA46B008002FA /* Release */,
			);
			defaultConfigurationIsVisible = 0;
			defaultConfigurationName = Release;
		};
		E93983BF25CDA46B008002FA /* Build configuration list for PBXNativeTarget "RxSwiftTutorialUITests" */ = {
			isa = XCConfigurationList;
			buildConfigurations = (
				E93983C025CDA46B008002FA /* Debug */,
				E93983C125CDA46B008002FA /* Release */,
			);
			defaultConfigurationIsVisible = 0;
			defaultConfigurationName = Release;
		};
/* End XCConfigurationList section */
	};
	rootObject = E939838725CDA46A008002FA /* Project object */;
}
